// !$*UTF8*$!
{
	archiveVersion = 1;
	classes = {
	};
	objectVersion = 56;
	objects = {

/* Begin PBXBuildFile section */
		A00000000000000000000101 /* Muslim5App.swift in Sources */ = {isa = PBXBuildFile; fileRef = A00000000000000000000201 /* Muslim5App.swift */; };
		A00000000000000000000102 /* Prayer.swift in Sources */ = {isa = PBXBuildFile; fileRef = A00000000000000000000202 /* Prayer.swift */; };
		A00000000000000000000103 /* PrayerRecord.swift in Sources */ = {isa = PBXBuildFile; fileRef = A00000000000000000000203 /* PrayerRecord.swift */; };
		A00000000000000000000104 /* TrackingPause.swift in Sources */ = {isa = PBXBuildFile; fileRef = A00000000000000000000204 /* TrackingPause.swift */; };
		A00000000000000000000105 /* AppTheme.swift in Sources */ = {isa = PBXBuildFile; fileRef = A00000000000000000000205 /* AppTheme.swift */; };
		A00000000000000000000106 /* ProgressMetrics.swift in Sources */ = {isa = PBXBuildFile; fileRef = A00000000000000000000206 /* ProgressMetrics.swift */; };
		A00000000000000000000107 /* RootTabView.swift in Sources */ = {isa = PBXBuildFile; fileRef = A00000000000000000000207 /* RootTabView.swift */; };
		A00000000000000000000108 /* PrayerRow.swift in Sources */ = {isa = PBXBuildFile; fileRef = A00000000000000000000208 /* PrayerRow.swift */; };
		A00000000000000000000109 /* TodayView.swift in Sources */ = {isa = PBXBuildFile; fileRef = A00000000000000000000209 /* TodayView.swift */; };
		A0000000000000000000010A /* JourneyView.swift in Sources */ = {isa = PBXBuildFile; fileRef = A0000000000000000000020A /* JourneyView.swift */; };
		A0000000000000000000010B /* InsightsView.swift in Sources */ = {isa = PBXBuildFile; fileRef = A0000000000000000000020B /* InsightsView.swift */; };
		A0000000000000000000010C /* SettingsView.swift in Sources */ = {isa = PBXBuildFile; fileRef = A0000000000000000000020C /* SettingsView.swift */; };
		A0000000000000000000010D /* Assets.xcassets in Resources */ = {isa = PBXBuildFile; fileRef = A0000000000000000000020D /* Assets.xcassets */; };
		A0000000000000000000010E /* PrayerPhase.swift in Sources */ = {isa = PBXBuildFile; fileRef = A0000000000000000000020E /* PrayerPhase.swift */; };
		A0000000000000000000010F /* PrayerScheduleService.swift in Sources */ = {isa = PBXBuildFile; fileRef = A0000000000000000000020F /* PrayerScheduleService.swift */; };
		A00000000000000000000110 /* LocationProvider.swift in Sources */ = {isa = PBXBuildFile; fileRef = A00000000000000000000210 /* LocationProvider.swift */; };
		A00000000000000000000111 /* PrayerHeroView.swift in Sources */ = {isa = PBXBuildFile; fileRef = A00000000000000000000211 /* PrayerHeroView.swift */; };
		A00000000000000000000112 /* PrayerSkyBackground.swift in Sources */ = {isa = PBXBuildFile; fileRef = A00000000000000000000212 /* PrayerSkyBackground.swift */; };
		A00000000000000000000113 /* Adhan in Frameworks */ = {isa = PBXBuildFile; productRef = A00000000000000000000901 /* Adhan */; };
		A00000000000000000000114 /* Muslim5Icon.icon in Resources */ = {isa = PBXBuildFile; fileRef = A00000000000000000000213 /* Muslim5Icon.icon */; };
		A00000000000000000000115 /* HapticFeedback.swift in Sources */ = {isa = PBXBuildFile; fileRef = A00000000000000000000214 /* HapticFeedback.swift */; };
		A00000000000000000000116 /* PrayerNotificationService.swift in Sources */ = {isa = PBXBuildFile; fileRef = A00000000000000000000215 /* PrayerNotificationService.swift */; };
		A00000000000000000000117 /* QiblaCalculator.swift in Sources */ = {isa = PBXBuildFile; fileRef = A00000000000000000000216 /* QiblaCalculator.swift */; };
		A00000000000000000000118 /* HeadingProvider.swift in Sources */ = {isa = PBXBuildFile; fileRef = A00000000000000000000217 /* HeadingProvider.swift */; };
		A00000000000000000000119 /* QiblaView.swift in Sources */ = {isa = PBXBuildFile; fileRef = A00000000000000000000218 /* QiblaView.swift */; };
		A0000000000000000000011A /* SharingService.swift in Sources */ = {isa = PBXBuildFile; fileRef = A00000000000000000000219 /* SharingService.swift */; };
		A0000000000000000000011B /* SharingSettingsView.swift in Sources */ = {isa = PBXBuildFile; fileRef = A0000000000000000000021A /* SharingSettingsView.swift */; };
		A0000000000000000000011C /* WelcomeView.swift in Sources */ = {isa = PBXBuildFile; fileRef = A0000000000000000000021C /* WelcomeView.swift */; };
		A0000000000000000000011D /* SalahFocusSharedState.swift in Sources */ = {isa = PBXBuildFile; fileRef = A0000000000000000000021D /* SalahFocusSharedState.swift */; };
		A0000000000000000000011E /* SalahFocusService.swift in Sources */ = {isa = PBXBuildFile; fileRef = A0000000000000000000021E /* SalahFocusService.swift */; };
		A0000000000000000000011F /* SalahFocusSettingsView.swift in Sources */ = {isa = PBXBuildFile; fileRef = A0000000000000000000021F /* SalahFocusSettingsView.swift */; };
		A00000000000000000000120 /* Muslim5Schema.swift in Sources */ = {isa = PBXBuildFile; fileRef = A00000000000000000000221 /* Muslim5Schema.swift */; };
		A00000000000000000000121 /* ICloudStatusService.swift in Sources */ = {isa = PBXBuildFile; fileRef = A00000000000000000000222 /* ICloudStatusService.swift */; };
		A00000000000000000000122 /* ICloudSyncDataNormalizer.swift in Sources */ = {isa = PBXBuildFile; fileRef = A00000000000000000000223 /* ICloudSyncDataNormalizer.swift */; };
		B00000000000000000000001 /* QiblaCalculatorTests.swift in Sources */ = {isa = PBXBuildFile; fileRef = B00000000000000000000002 /* QiblaCalculatorTests.swift */; };
		B0000000000000000000000E /* SharingServiceTests.swift in Sources */ = {isa = PBXBuildFile; fileRef = B0000000000000000000000F /* SharingServiceTests.swift */; };
		B00000000000000000000010 /* SalahFocusDecisionTests.swift in Sources */ = {isa = PBXBuildFile; fileRef = B00000000000000000000011 /* SalahFocusDecisionTests.swift */; };
		B00000000000000000000012 /* ICloudSyncDataTests.swift in Sources */ = {isa = PBXBuildFile; fileRef = B00000000000000000000013 /* ICloudSyncDataTests.swift */; };
		B00000000000000000000014 /* ICloudSyncStateMachineTests.swift in Sources */ = {isa = PBXBuildFile; fileRef = B00000000000000000000015 /* ICloudSyncStateMachineTests.swift */; };
		C00000000000000000000101 /* SalahFocusMonitorExtension.swift in Sources */ = {isa = PBXBuildFile; fileRef = C00000000000000000000201 /* SalahFocusMonitorExtension.swift */; };
		C00000000000000000000102 /* SalahFocusSharedState.swift in Sources */ = {isa = PBXBuildFile; fileRef = A0000000000000000000021D /* SalahFocusSharedState.swift */; };
		C00000000000000000000103 /* SalahFocusMonitor.appex in Embed App Extensions */ = {isa = PBXBuildFile; fileRef = C00000000000000000000200 /* SalahFocusMonitor.appex */; settings = {ATTRIBUTES = (CodeSignOnCopy, RemoveHeadersOnCopy, ); }; };
		D00000000000000000000101 /* SalahFocusShieldConfiguration.swift in Sources */ = {isa = PBXBuildFile; fileRef = D00000000000000000000201 /* SalahFocusShieldConfiguration.swift */; };
		D00000000000000000000102 /* SalahFocusSharedState.swift in Sources */ = {isa = PBXBuildFile; fileRef = A0000000000000000000021D /* SalahFocusSharedState.swift */; };
		D00000000000000000000103 /* SalahFocusShieldConfiguration.appex in Embed App Extensions */ = {isa = PBXBuildFile; fileRef = D00000000000000000000200 /* SalahFocusShieldConfiguration.appex */; settings = {ATTRIBUTES = (CodeSignOnCopy, RemoveHeadersOnCopy, ); }; };
		E00000000000000000000101 /* SalahFocusShieldAction.swift in Sources */ = {isa = PBXBuildFile; fileRef = E00000000000000000000201 /* SalahFocusShieldAction.swift */; };
		E00000000000000000000102 /* SalahFocusSharedState.swift in Sources */ = {isa = PBXBuildFile; fileRef = A0000000000000000000021D /* SalahFocusSharedState.swift */; };
		E00000000000000000000103 /* SalahFocusShieldAction.appex in Embed App Extensions */ = {isa = PBXBuildFile; fileRef = E00000000000000000000200 /* SalahFocusShieldAction.appex */; settings = {ATTRIBUTES = (CodeSignOnCopy, RemoveHeadersOnCopy, ); }; };
/* End PBXBuildFile section */

/* Begin PBXContainerItemProxy section */
		B00000000000000000000009 /* PBXContainerItemProxy */ = {
			isa = PBXContainerItemProxy;
			containerPortal = A00000000000000000000600 /* Project object */;
			proxyType = 1;
			remoteGlobalIDString = A00000000000000000000500;
			remoteInfo = "Muslim 5";
		};
		C00000000000000000000009 /* PBXContainerItemProxy */ = {
			isa = PBXContainerItemProxy;
			containerPortal = A00000000000000000000600 /* Project object */;
			proxyType = 1;
			remoteGlobalIDString = C00000000000000000000500;
			remoteInfo = SalahFocusMonitor;
		};
		D00000000000000000000009 /* PBXContainerItemProxy */ = {
			isa = PBXContainerItemProxy;
			containerPortal = A00000000000000000000600 /* Project object */;
			proxyType = 1;
			remoteGlobalIDString = D00000000000000000000500;
			remoteInfo = SalahFocusShieldConfiguration;
		};
		E00000000000000000000009 /* PBXContainerItemProxy */ = {
			isa = PBXContainerItemProxy;
			containerPortal = A00000000000000000000600 /* Project object */;
			proxyType = 1;
			remoteGlobalIDString = E00000000000000000000500;
			remoteInfo = SalahFocusShieldAction;
		};
/* End PBXContainerItemProxy section */

/* Begin PBXCopyFilesBuildPhase section */
		A00000000000000000000303 /* Embed App Extensions */ = {
			isa = PBXCopyFilesBuildPhase;
			buildActionMask = 2147483647;
			dstPath = "";
			dstSubfolderSpec = 13;
			files = (
				C00000000000000000000103 /* SalahFocusMonitor.appex in Embed App Extensions */,
				D00000000000000000000103 /* SalahFocusShieldConfiguration.appex in Embed App Extensions */,
				E00000000000000000000103 /* SalahFocusShieldAction.appex in Embed App Extensions */,
			);
			name = "Embed App Extensions";
			runOnlyForDeploymentPostprocessing = 0;
		};
/* End PBXCopyFilesBuildPhase section */

/* Begin PBXFileReference section */
		A00000000000000000000200 /* Muslim 5.app */ = {isa = PBXFileReference; explicitFileType = wrapper.application; includeInIndex = 0; path = "Muslim 5.app"; sourceTree = BUILT_PRODUCTS_DIR; };
		A00000000000000000000201 /* Muslim5App.swift */ = {isa = PBXFileReference; lastKnownFileType = sourcecode.swift; path = Muslim5App.swift; sourceTree = "<group>"; };
		A00000000000000000000202 /* Prayer.swift */ = {isa = PBXFileReference; lastKnownFileType = sourcecode.swift; path = Prayer.swift; sourceTree = "<group>"; };
		A00000000000000000000203 /* PrayerRecord.swift */ = {isa = PBXFileReference; lastKnownFileType = sourcecode.swift; path = PrayerRecord.swift; sourceTree = "<group>"; };
		A00000000000000000000204 /* TrackingPause.swift */ = {isa = PBXFileReference; lastKnownFileType = sourcecode.swift; path = TrackingPause.swift; sourceTree = "<group>"; };
		A00000000000000000000205 /* AppTheme.swift */ = {isa = PBXFileReference; lastKnownFileType = sourcecode.swift; path = AppTheme.swift; sourceTree = "<group>"; };
		A00000000000000000000206 /* ProgressMetrics.swift */ = {isa = PBXFileReference; lastKnownFileType = sourcecode.swift; path = ProgressMetrics.swift; sourceTree = "<group>"; };
		A00000000000000000000207 /* RootTabView.swift */ = {isa = PBXFileReference; lastKnownFileType = sourcecode.swift; path = RootTabView.swift; sourceTree = "<group>"; };
		A00000000000000000000208 /* PrayerRow.swift */ = {isa = PBXFileReference; lastKnownFileType = sourcecode.swift; path = PrayerRow.swift; sourceTree = "<group>"; };
		A00000000000000000000209 /* TodayView.swift */ = {isa = PBXFileReference; lastKnownFileType = sourcecode.swift; path = TodayView.swift; sourceTree = "<group>"; };
		A0000000000000000000020A /* JourneyView.swift */ = {isa = PBXFileReference; lastKnownFileType = sourcecode.swift; path = JourneyView.swift; sourceTree = "<group>"; };
		A0000000000000000000020B /* InsightsView.swift */ = {isa = PBXFileReference; lastKnownFileType = sourcecode.swift; path = InsightsView.swift; sourceTree = "<group>"; };
		A0000000000000000000020C /* SettingsView.swift */ = {isa = PBXFileReference; lastKnownFileType = sourcecode.swift; path = SettingsView.swift; sourceTree = "<group>"; };
		A0000000000000000000020D /* Assets.xcassets */ = {isa = PBXFileReference; lastKnownFileType = folder.assetcatalog; path = Assets.xcassets; sourceTree = "<group>"; };
		A0000000000000000000020E /* PrayerPhase.swift */ = {isa = PBXFileReference; lastKnownFileType = sourcecode.swift; path = PrayerPhase.swift; sourceTree = "<group>"; };
		A0000000000000000000020F /* PrayerScheduleService.swift */ = {isa = PBXFileReference; lastKnownFileType = sourcecode.swift; path = PrayerScheduleService.swift; sourceTree = "<group>"; };
		A00000000000000000000210 /* LocationProvider.swift */ = {isa = PBXFileReference; lastKnownFileType = sourcecode.swift; path = LocationProvider.swift; sourceTree = "<group>"; };
		A00000000000000000000211 /* PrayerHeroView.swift */ = {isa = PBXFileReference; lastKnownFileType = sourcecode.swift; path = PrayerHeroView.swift; sourceTree = "<group>"; };
		A00000000000000000000212 /* PrayerSkyBackground.swift */ = {isa = PBXFileReference; lastKnownFileType = sourcecode.swift; path = PrayerSkyBackground.swift; sourceTree = "<group>"; };
		A00000000000000000000213 /* Muslim5Icon.icon */ = {isa = PBXFileReference; lastKnownFileType = folder.iconcomposer.icon; path = Muslim5Icon.icon; sourceTree = "<group>"; };
		A00000000000000000000214 /* HapticFeedback.swift */ = {isa = PBXFileReference; lastKnownFileType = sourcecode.swift; path = HapticFeedback.swift; sourceTree = "<group>"; };
		A00000000000000000000215 /* PrayerNotificationService.swift */ = {isa = PBXFileReference; lastKnownFileType = sourcecode.swift; path = PrayerNotificationService.swift; sourceTree = "<group>"; };
		A00000000000000000000216 /* QiblaCalculator.swift */ = {isa = PBXFileReference; lastKnownFileType = sourcecode.swift; path = QiblaCalculator.swift; sourceTree = "<group>"; };
		A00000000000000000000217 /* HeadingProvider.swift */ = {isa = PBXFileReference; lastKnownFileType = sourcecode.swift; path = HeadingProvider.swift; sourceTree = "<group>"; };
		A00000000000000000000218 /* QiblaView.swift */ = {isa = PBXFileReference; lastKnownFileType = sourcecode.swift; path = QiblaView.swift; sourceTree = "<group>"; };
		A00000000000000000000219 /* SharingService.swift */ = {isa = PBXFileReference; lastKnownFileType = sourcecode.swift; path = SharingService.swift; sourceTree = "<group>"; };
		A0000000000000000000021A /* SharingSettingsView.swift */ = {isa = PBXFileReference; lastKnownFileType = sourcecode.swift; path = SharingSettingsView.swift; sourceTree = "<group>"; };
		A0000000000000000000021B /* Info.plist */ = {isa = PBXFileReference; lastKnownFileType = text.plist.xml; path = Info.plist; sourceTree = "<group>"; };
		A0000000000000000000021C /* WelcomeView.swift */ = {isa = PBXFileReference; lastKnownFileType = sourcecode.swift; path = WelcomeView.swift; sourceTree = "<group>"; };
		A0000000000000000000021D /* SalahFocusSharedState.swift */ = {isa = PBXFileReference; lastKnownFileType = sourcecode.swift; path = SalahFocusSharedState.swift; sourceTree = "<group>"; };
		A0000000000000000000021E /* SalahFocusService.swift */ = {isa = PBXFileReference; lastKnownFileType = sourcecode.swift; path = SalahFocusService.swift; sourceTree = "<group>"; };
		A0000000000000000000021F /* SalahFocusSettingsView.swift */ = {isa = PBXFileReference; lastKnownFileType = sourcecode.swift; path = SalahFocusSettingsView.swift; sourceTree = "<group>"; };
		A00000000000000000000220 /* Muslim5.entitlements */ = {isa = PBXFileReference; lastKnownFileType = text.plist.entitlements; path = Muslim5.entitlements; sourceTree = "<group>"; };
		A00000000000000000000221 /* Muslim5Schema.swift */ = {isa = PBXFileReference; lastKnownFileType = sourcecode.swift; path = Muslim5Schema.swift; sourceTree = "<group>"; };
		A00000000000000000000222 /* ICloudStatusService.swift */ = {isa = PBXFileReference; lastKnownFileType = sourcecode.swift; path = ICloudStatusService.swift; sourceTree = "<group>"; };
		A00000000000000000000223 /* ICloudSyncDataNormalizer.swift */ = {isa = PBXFileReference; lastKnownFileType = sourcecode.swift; path = ICloudSyncDataNormalizer.swift; sourceTree = "<group>"; };
		B00000000000000000000002 /* QiblaCalculatorTests.swift */ = {isa = PBXFileReference; lastKnownFileType = sourcecode.swift; path = QiblaCalculatorTests.swift; sourceTree = "<group>"; };
		B00000000000000000000003 /* Muslim5Tests.xctest */ = {isa = PBXFileReference; explicitFileType = wrapper.cfbundle; includeInIndex = 0; path = Muslim5Tests.xctest; sourceTree = BUILT_PRODUCTS_DIR; };
		B0000000000000000000000F /* SharingServiceTests.swift */ = {isa = PBXFileReference; lastKnownFileType = sourcecode.swift; path = SharingServiceTests.swift; sourceTree = "<group>"; };
		B00000000000000000000011 /* SalahFocusDecisionTests.swift */ = {isa = PBXFileReference; lastKnownFileType = sourcecode.swift; path = SalahFocusDecisionTests.swift; sourceTree = "<group>"; };
		B00000000000000000000013 /* ICloudSyncDataTests.swift */ = {isa = PBXFileReference; lastKnownFileType = sourcecode.swift; path = ICloudSyncDataTests.swift; sourceTree = "<group>"; };
		B00000000000000000000015 /* ICloudSyncStateMachineTests.swift */ = {isa = PBXFileReference; lastKnownFileType = sourcecode.swift; path = ICloudSyncStateMachineTests.swift; sourceTree = "<group>"; };
		C00000000000000000000200 /* SalahFocusMonitor.appex */ = {isa = PBXFileReference; explicitFileType = "wrapper.app-extension"; includeInIndex = 0; path = SalahFocusMonitor.appex; sourceTree = BUILT_PRODUCTS_DIR; };
		C00000000000000000000201 /* SalahFocusMonitorExtension.swift */ = {isa = PBXFileReference; lastKnownFileType = sourcecode.swift; path = SalahFocusMonitorExtension.swift; sourceTree = "<group>"; };
		C00000000000000000000202 /* Info.plist */ = {isa = PBXFileReference; lastKnownFileType = text.plist.xml; path = Info.plist; sourceTree = "<group>"; };
		C00000000000000000000203 /* SalahFocusMonitor.entitlements */ = {isa = PBXFileReference; lastKnownFileType = text.plist.entitlements; path = SalahFocusMonitor.entitlements; sourceTree = "<group>"; };
		D00000000000000000000200 /* SalahFocusShieldConfiguration.appex */ = {isa = PBXFileReference; explicitFileType = "wrapper.app-extension"; includeInIndex = 0; path = SalahFocusShieldConfiguration.appex; sourceTree = BUILT_PRODUCTS_DIR; };
		D00000000000000000000201 /* SalahFocusShieldConfiguration.swift */ = {isa = PBXFileReference; lastKnownFileType = sourcecode.swift; path = SalahFocusShieldConfiguration.swift; sourceTree = "<group>"; };
		D00000000000000000000202 /* Info.plist */ = {isa = PBXFileReference; lastKnownFileType = text.plist.xml; path = Info.plist; sourceTree = "<group>"; };
		D00000000000000000000203 /* SalahFocusShieldConfiguration.entitlements */ = {isa = PBXFileReference; lastKnownFileType = text.plist.entitlements; path = SalahFocusShieldConfiguration.entitlements; sourceTree = "<group>"; };
		E00000000000000000000200 /* SalahFocusShieldAction.appex */ = {isa = PBXFileReference; explicitFileType = "wrapper.app-extension"; includeInIndex = 0; path = SalahFocusShieldAction.appex; sourceTree = BUILT_PRODUCTS_DIR; };
		E00000000000000000000201 /* SalahFocusShieldAction.swift */ = {isa = PBXFileReference; lastKnownFileType = sourcecode.swift; path = SalahFocusShieldAction.swift; sourceTree = "<group>"; };
		E00000000000000000000202 /* Info.plist */ = {isa = PBXFileReference; lastKnownFileType = text.plist.xml; path = Info.plist; sourceTree = "<group>"; };
		E00000000000000000000203 /* SalahFocusShieldAction.entitlements */ = {isa = PBXFileReference; lastKnownFileType = text.plist.entitlements; path = SalahFocusShieldAction.entitlements; sourceTree = "<group>"; };
/* End PBXFileReference section */

/* Begin PBXFrameworksBuildPhase section */
		A00000000000000000000301 /* Frameworks */ = {
			isa = PBXFrameworksBuildPhase;
			buildActionMask = 2147483647;
			files = (
				A00000000000000000000113 /* Adhan in Frameworks */,
			);
			runOnlyForDeploymentPostprocessing = 0;
		};
		B00000000000000000000006 /* Frameworks */ = {
			isa = PBXFrameworksBuildPhase;
			buildActionMask = 2147483647;
			files = (
			);
			runOnlyForDeploymentPostprocessing = 0;
		};
		C00000000000000000000301 /* Frameworks */ = {
			isa = PBXFrameworksBuildPhase;
			buildActionMask = 2147483647;
			files = (
			);
			runOnlyForDeploymentPostprocessing = 0;
		};
		D00000000000000000000301 /* Frameworks */ = {
			isa = PBXFrameworksBuildPhase;
			buildActionMask = 2147483647;
			files = (
			);
			runOnlyForDeploymentPostprocessing = 0;
		};
		E00000000000000000000301 /* Frameworks */ = {
			isa = PBXFrameworksBuildPhase;
			buildActionMask = 2147483647;
			files = (
			);
			runOnlyForDeploymentPostprocessing = 0;
		};
/* End PBXFrameworksBuildPhase section */

/* Begin PBXGroup section */
		A00000000000000000000400 = {
			isa = PBXGroup;
			children = (
				A00000000000000000000401 /* Muslim5 */,
				C00000000000000000000400 /* SalahFocusMonitor */,
				D00000000000000000000400 /* SalahFocusShieldConfiguration */,
				E00000000000000000000400 /* SalahFocusShieldAction */,
				B00000000000000000000004 /* Muslim5Tests */,
				A00000000000000000000407 /* Products */,
			);
			sourceTree = "<group>";
		};
		A00000000000000000000401 /* Muslim5 */ = {
			isa = PBXGroup;
			children = (
				A00000000000000000000201 /* Muslim5App.swift */,
				A0000000000000000000021B /* Info.plist */,
				A00000000000000000000220 /* Muslim5.entitlements */,
				A00000000000000000000402 /* Models */,
				A00000000000000000000403 /* Design */,
				A00000000000000000000404 /* Services */,
				A00000000000000000000405 /* Views */,
				A00000000000000000000213 /* Muslim5Icon.icon */,
				A0000000000000000000020D /* Assets.xcassets */,
			);
			path = Muslim5;
			sourceTree = "<group>";
		};
		A00000000000000000000402 /* Models */ = {
			isa = PBXGroup;
			children = (
				A00000000000000000000202 /* Prayer.swift */,
				A00000000000000000000203 /* PrayerRecord.swift */,
				A00000000000000000000204 /* TrackingPause.swift */,
				A0000000000000000000020E /* PrayerPhase.swift */,
				A00000000000000000000221 /* Muslim5Schema.swift */,
			);
			path = Models;
			sourceTree = "<group>";
		};
		A00000000000000000000403 /* Design */ = {
			isa = PBXGroup;
			children = (
				A00000000000000000000205 /* AppTheme.swift */,
			);
			path = Design;
			sourceTree = "<group>";
		};
		A00000000000000000000404 /* Services */ = {
			isa = PBXGroup;
			children = (
				A00000000000000000000214 /* HapticFeedback.swift */,
				A00000000000000000000217 /* HeadingProvider.swift */,
				A00000000000000000000222 /* ICloudStatusService.swift */,
				A00000000000000000000223 /* ICloudSyncDataNormalizer.swift */,
				A00000000000000000000206 /* ProgressMetrics.swift */,
				A00000000000000000000216 /* QiblaCalculator.swift */,
				A0000000000000000000020F /* PrayerScheduleService.swift */,
				A00000000000000000000215 /* PrayerNotificationService.swift */,
				A00000000000000000000219 /* SharingService.swift */,
				A0000000000000000000021D /* SalahFocusSharedState.swift */,
				A0000000000000000000021E /* SalahFocusService.swift */,
				A00000000000000000000210 /* LocationProvider.swift */,
			);
			path = Services;
			sourceTree = "<group>";
		};
		A00000000000000000000405 /* Views */ = {
			isa = PBXGroup;
			children = (
				A0000000000000000000021C /* WelcomeView.swift */,
				A00000000000000000000207 /* RootTabView.swift */,
				A00000000000000000000209 /* TodayView.swift */,
				A00000000000000000000218 /* QiblaView.swift */,
				A0000000000000000000020A /* JourneyView.swift */,
				A0000000000000000000020B /* InsightsView.swift */,
				A0000000000000000000020C /* SettingsView.swift */,
				A0000000000000000000021F /* SalahFocusSettingsView.swift */,
				A0000000000000000000021A /* SharingSettingsView.swift */,
				A00000000000000000000406 /* Components */,
			);
			path = Views;
			sourceTree = "<group>";
		};
		A00000000000000000000406 /* Components */ = {
			isa = PBXGroup;
			children = (
				A00000000000000000000208 /* PrayerRow.swift */,
				A00000000000000000000211 /* PrayerHeroView.swift */,
				A00000000000000000000212 /* PrayerSkyBackground.swift */,
			);
			path = Components;
			sourceTree = "<group>";
		};
		A00000000000000000000407 /* Products */ = {
			isa = PBXGroup;
			children = (
				A00000000000000000000200 /* Muslim 5.app */,
				B00000000000000000000003 /* Muslim5Tests.xctest */,
				C00000000000000000000200 /* SalahFocusMonitor.appex */,
				D00000000000000000000200 /* SalahFocusShieldConfiguration.appex */,
				E00000000000000000000200 /* SalahFocusShieldAction.appex */,
			);
			name = Products;
			sourceTree = "<group>";
		};
		B00000000000000000000004 /* Muslim5Tests */ = {
			isa = PBXGroup;
			children = (
				B00000000000000000000002 /* QiblaCalculatorTests.swift */,
				B0000000000000000000000F /* SharingServiceTests.swift */,
				B00000000000000000000011 /* SalahFocusDecisionTests.swift */,
				B00000000000000000000013 /* ICloudSyncDataTests.swift */,
				B00000000000000000000015 /* ICloudSyncStateMachineTests.swift */,
			);
			path = Muslim5Tests;
			sourceTree = "<group>";
		};
		C00000000000000000000400 /* SalahFocusMonitor */ = {
			isa = PBXGroup;
			children = (
				C00000000000000000000201 /* SalahFocusMonitorExtension.swift */,
				C00000000000000000000202 /* Info.plist */,
				C00000000000000000000203 /* SalahFocusMonitor.entitlements */,
			);
			path = SalahFocusMonitor;
			sourceTree = "<group>";
		};
		D00000000000000000000400 /* SalahFocusShieldConfiguration */ = {
			isa = PBXGroup;
			children = (
				D00000000000000000000201 /* SalahFocusShieldConfiguration.swift */,
				D00000000000000000000202 /* Info.plist */,
				D00000000000000000000203 /* SalahFocusShieldConfiguration.entitlements */,
			);
			path = SalahFocusShieldConfiguration;
			sourceTree = "<group>";
		};
		E00000000000000000000400 /* SalahFocusShieldAction */ = {
			isa = PBXGroup;
			children = (
				E00000000000000000000201 /* SalahFocusShieldAction.swift */,
				E00000000000000000000202 /* Info.plist */,
				E00000000000000000000203 /* SalahFocusShieldAction.entitlements */,
			);
			path = SalahFocusShieldAction;
			sourceTree = "<group>";
		};
/* End PBXGroup section */

/* Begin PBXNativeTarget section */
		A00000000000000000000500 /* Muslim 5 */ = {
			isa = PBXNativeTarget;
			buildConfigurationList = A00000000000000000000801 /* Build configuration list for PBXNativeTarget "Muslim 5" */;
			buildPhases = (
				A00000000000000000000300 /* Sources */,
				A00000000000000000000301 /* Frameworks */,
				A00000000000000000000302 /* Resources */,
				A00000000000000000000303 /* Embed App Extensions */,
			);
			buildRules = (
			);
			dependencies = (
				C0000000000000000000000A /* PBXTargetDependency */,
				D0000000000000000000000A /* PBXTargetDependency */,
				E0000000000000000000000A /* PBXTargetDependency */,
			);
			name = "Muslim 5";
			packageProductDependencies = (
				A00000000000000000000901 /* Adhan */,
			);
			productName = Muslim5;
			productReference = A00000000000000000000200 /* Muslim 5.app */;
			productType = "com.apple.product-type.application";
		};
		B00000000000000000000008 /* Muslim5Tests */ = {
			isa = PBXNativeTarget;
			buildConfigurationList = B0000000000000000000000D /* Build configuration list for PBXNativeTarget "Muslim5Tests" */;
			buildPhases = (
				B00000000000000000000005 /* Sources */,
				B00000000000000000000006 /* Frameworks */,
				B00000000000000000000007 /* Resources */,
			);
			buildRules = (
			);
			dependencies = (
				B0000000000000000000000A /* PBXTargetDependency */,
			);
			name = Muslim5Tests;
			packageProductDependencies = (
			);
			productName = Muslim5Tests;
			productReference = B00000000000000000000003 /* Muslim5Tests.xctest */;
			productType = "com.apple.product-type.bundle.unit-test";
		};
		C00000000000000000000500 /* SalahFocusMonitor */ = {
			isa = PBXNativeTarget;
			buildConfigurationList = C00000000000000000000800 /* Build configuration list for PBXNativeTarget "SalahFocusMonitor" */;
			buildPhases = (
				C00000000000000000000300 /* Sources */,
				C00000000000000000000301 /* Frameworks */,
				C00000000000000000000302 /* Resources */,
			);
			buildRules = (
			);
			dependencies = (
			);
			name = SalahFocusMonitor;
			packageProductDependencies = (
			);
			productName = SalahFocusMonitor;
			productReference = C00000000000000000000200 /* SalahFocusMonitor.appex */;
			productType = "com.apple.product-type.app-extension";
		};
		D00000000000000000000500 /* SalahFocusShieldConfiguration */ = {
			isa = PBXNativeTarget;
			buildConfigurationList = D00000000000000000000800 /* Build configuration list for PBXNativeTarget "SalahFocusShieldConfiguration" */;
			buildPhases = (
				D00000000000000000000300 /* Sources */,
				D00000000000000000000301 /* Frameworks */,
				D00000000000000000000302 /* Resources */,
			);
			buildRules = (
			);
			dependencies = (
			);
			name = SalahFocusShieldConfiguration;
			packageProductDependencies = (
			);
			productName = SalahFocusShieldConfiguration;
			productReference = D00000000000000000000200 /* SalahFocusShieldConfiguration.appex */;
			productType = "com.apple.product-type.app-extension";
		};
		E00000000000000000000500 /* SalahFocusShieldAction */ = {
			isa = PBXNativeTarget;
			buildConfigurationList = E00000000000000000000800 /* Build configuration list for PBXNativeTarget "SalahFocusShieldAction" */;
			buildPhases = (
				E00000000000000000000300 /* Sources */,
				E00000000000000000000301 /* Frameworks */,
				E00000000000000000000302 /* Resources */,
			);
			buildRules = (
			);
			dependencies = (
			);
			name = SalahFocusShieldAction;
			packageProductDependencies = (
			);
			productName = SalahFocusShieldAction;
			productReference = E00000000000000000000200 /* SalahFocusShieldAction.appex */;
			productType = "com.apple.product-type.app-extension";
		};
/* End PBXNativeTarget section */

/* Begin PBXProject section */
		A00000000000000000000600 /* Project object */ = {
			isa = PBXProject;
			attributes = {
				BuildIndependentTargetsInParallel = 1;
				LastSwiftUpdateCheck = 2660;
				LastUpgradeCheck = 2660;
				TargetAttributes = {
					A00000000000000000000500 = {
						CreatedOnToolsVersion = 26.6;
						SystemCapabilities = {
							com.apple.BackgroundModes = {
								enabled = 1;
							};
							com.apple.CloudKit = {
								enabled = 1;
							};
							com.apple.Push = {
								enabled = 1;
							};
						};
					};
					B00000000000000000000008 = {
						CreatedOnToolsVersion = 26.6;
						TestTargetID = A00000000000000000000500;
					};
					C00000000000000000000500 = {
						CreatedOnToolsVersion = 26.6;
					};
					D00000000000000000000500 = {
						CreatedOnToolsVersion = 26.6;
					};
					E00000000000000000000500 = {
						CreatedOnToolsVersion = 26.6;
					};
				};
			};
			buildConfigurationList = A00000000000000000000800 /* Build configuration list for PBXProject "Muslim5" */;
			compatibilityVersion = "Xcode 14.0";
			developmentRegion = en;
			hasScannedForEncodings = 0;
			knownRegions = (
				en,
				Base,
			);
			mainGroup = A00000000000000000000400;
			productRefGroup = A00000000000000000000407 /* Products */;
			packageReferences = (
				A00000000000000000000900 /* XCRemoteSwiftPackageReference "adhan-swift" */,
			);
			projectDirPath = "";
			projectRoot = "";
			targets = (
				A00000000000000000000500 /* Muslim 5 */,
				B00000000000000000000008 /* Muslim5Tests */,
				C00000000000000000000500 /* SalahFocusMonitor */,
				D00000000000000000000500 /* SalahFocusShieldConfiguration */,
				E00000000000000000000500 /* SalahFocusShieldAction */,
			);
		};
/* End PBXProject section */

/* Begin PBXResourcesBuildPhase section */
		A00000000000000000000302 /* Resources */ = {
			isa = PBXResourcesBuildPhase;
			buildActionMask = 2147483647;
			files = (
				A00000000000000000000114 /* Muslim5Icon.icon in Resources */,
				A0000000000000000000010D /* Assets.xcassets in Resources */,
			);
			runOnlyForDeploymentPostprocessing = 0;
		};
		B00000000000000000000007 /* Resources */ = {
			isa = PBXResourcesBuildPhase;
			buildActionMask = 2147483647;
			files = (
			);
			runOnlyForDeploymentPostprocessing = 0;
		};
		C00000000000000000000302 /* Resources */ = {
			isa = PBXResourcesBuildPhase;
			buildActionMask = 2147483647;
			files = (
			);
			runOnlyForDeploymentPostprocessing = 0;
		};
		D00000000000000000000302 /* Resources */ = {
			isa = PBXResourcesBuildPhase;
			buildActionMask = 2147483647;
			files = (
			);
			runOnlyForDeploymentPostprocessing = 0;
		};
		E00000000000000000000302 /* Resources */ = {
			isa = PBXResourcesBuildPhase;
			buildActionMask = 2147483647;
			files = (
			);
			runOnlyForDeploymentPostprocessing = 0;
		};
/* End PBXResourcesBuildPhase section */

/* Begin PBXSourcesBuildPhase section */
		A00000000000000000000300 /* Sources */ = {
			isa = PBXSourcesBuildPhase;
			buildActionMask = 2147483647;
			files = (
				A00000000000000000000101 /* Muslim5App.swift in Sources */,
				A00000000000000000000102 /* Prayer.swift in Sources */,
				A00000000000000000000103 /* PrayerRecord.swift in Sources */,
				A00000000000000000000104 /* TrackingPause.swift in Sources */,
				A00000000000000000000105 /* AppTheme.swift in Sources */,
				A00000000000000000000106 /* ProgressMetrics.swift in Sources */,
				A00000000000000000000107 /* RootTabView.swift in Sources */,
				A00000000000000000000108 /* PrayerRow.swift in Sources */,
				A00000000000000000000109 /* TodayView.swift in Sources */,
				A0000000000000000000010A /* JourneyView.swift in Sources */,
				A0000000000000000000010B /* InsightsView.swift in Sources */,
				A0000000000000000000010C /* SettingsView.swift in Sources */,
				A0000000000000000000010E /* PrayerPhase.swift in Sources */,
				A0000000000000000000010F /* PrayerScheduleService.swift in Sources */,
				A00000000000000000000110 /* LocationProvider.swift in Sources */,
				A00000000000000000000111 /* PrayerHeroView.swift in Sources */,
				A00000000000000000000112 /* PrayerSkyBackground.swift in Sources */,
				A00000000000000000000115 /* HapticFeedback.swift in Sources */,
				A00000000000000000000116 /* PrayerNotificationService.swift in Sources */,
				A00000000000000000000117 /* QiblaCalculator.swift in Sources */,
				A00000000000000000000118 /* HeadingProvider.swift in Sources */,
				A00000000000000000000119 /* QiblaView.swift in Sources */,
				A0000000000000000000011A /* SharingService.swift in Sources */,
				A0000000000000000000011B /* SharingSettingsView.swift in Sources */,
				A0000000000000000000011C /* WelcomeView.swift in Sources */,
				A0000000000000000000011D /* SalahFocusSharedState.swift in Sources */,
				A0000000000000000000011E /* SalahFocusService.swift in Sources */,
				A0000000000000000000011F /* SalahFocusSettingsView.swift in Sources */,
				A00000000000000000000120 /* Muslim5Schema.swift in Sources */,
				A00000000000000000000121 /* ICloudStatusService.swift in Sources */,
				A00000000000000000000122 /* ICloudSyncDataNormalizer.swift in Sources */,
			);
			runOnlyForDeploymentPostprocessing = 0;
		};
		B00000000000000000000005 /* Sources */ = {
			isa = PBXSourcesBuildPhase;
			buildActionMask = 2147483647;
			files = (
				B00000000000000000000001 /* QiblaCalculatorTests.swift in Sources */,
				B0000000000000000000000E /* SharingServiceTests.swift in Sources */,
				B00000000000000000000010 /* SalahFocusDecisionTests.swift in Sources */,
				B00000000000000000000012 /* ICloudSyncDataTests.swift in Sources */,
				B00000000000000000000014 /* ICloudSyncStateMachineTests.swift in Sources */,
			);
			runOnlyForDeploymentPostprocessing = 0;
		};
		C00000000000000000000300 /* Sources */ = {
			isa = PBXSourcesBuildPhase;
			buildActionMask = 2147483647;
			files = (
				C00000000000000000000101 /* SalahFocusMonitorExtension.swift in Sources */,
				C00000000000000000000102 /* SalahFocusSharedState.swift in Sources */,
			);
			runOnlyForDeploymentPostprocessing = 0;
		};
		D00000000000000000000300 /* Sources */ = {
			isa = PBXSourcesBuildPhase;
			buildActionMask = 2147483647;
			files = (
				D00000000000000000000101 /* SalahFocusShieldConfiguration.swift in Sources */,
				D00000000000000000000102 /* SalahFocusSharedState.swift in Sources */,
			);
			runOnlyForDeploymentPostprocessing = 0;
		};
		E00000000000000000000300 /* Sources */ = {
			isa = PBXSourcesBuildPhase;
			buildActionMask = 2147483647;
			files = (
				E00000000000000000000101 /* SalahFocusShieldAction.swift in Sources */,
				E00000000000000000000102 /* SalahFocusSharedState.swift in Sources */,
			);
			runOnlyForDeploymentPostprocessing = 0;
		};
/* End PBXSourcesBuildPhase section */

/* Begin PBXTargetDependency section */
		B0000000000000000000000A /* PBXTargetDependency */ = {
			isa = PBXTargetDependency;
			target = A00000000000000000000500 /* Muslim 5 */;
			targetProxy = B00000000000000000000009 /* PBXContainerItemProxy */;
		};
		C0000000000000000000000A /* PBXTargetDependency */ = {
			isa = PBXTargetDependency;
			target = C00000000000000000000500 /* SalahFocusMonitor */;
			targetProxy = C00000000000000000000009 /* PBXContainerItemProxy */;
		};
		D0000000000000000000000A /* PBXTargetDependency */ = {
			isa = PBXTargetDependency;
			target = D00000000000000000000500 /* SalahFocusShieldConfiguration */;
			targetProxy = D00000000000000000000009 /* PBXContainerItemProxy */;
		};
		E0000000000000000000000A /* PBXTargetDependency */ = {
			isa = PBXTargetDependency;
			target = E00000000000000000000500 /* SalahFocusShieldAction */;
			targetProxy = E00000000000000000000009 /* PBXContainerItemProxy */;
		};
/* End PBXTargetDependency section */

/* Begin XCBuildConfiguration section */
		A00000000000000000000700 /* Debug */ = {
			isa = XCBuildConfiguration;
			buildSettings = {
				ALWAYS_SEARCH_USER_PATHS = NO;
				CLANG_ANALYZER_NONNULL = YES;
				CLANG_ANALYZER_NUMBER_OBJECT_CONVERSION = YES_AGGRESSIVE;
				CLANG_CXX_LANGUAGE_STANDARD = "gnu++20";
				CLANG_ENABLE_MODULES = YES;
				CLANG_ENABLE_OBJC_ARC = YES;
				CLANG_ENABLE_OBJC_WEAK = YES;
				CLANG_WARN_BOOL_CONVERSION = YES;
				CLANG_WARN_COMMA = YES;
				CLANG_WARN_CONSTANT_CONVERSION = YES;
				CLANG_WARN_DEPRECATED_OBJC_IMPLEMENTATIONS = YES;
				CLANG_WARN_DIRECT_OBJC_ISA_USAGE = YES_ERROR;
				CLANG_WARN_DOCUMENTATION_COMMENTS = YES;
				CLANG_WARN_EMPTY_BODY = YES;
				CLANG_WARN_ENUM_CONVERSION = YES;
				CLANG_WARN_INFINITE_RECURSION = YES;
				CLANG_WARN_INT_CONVERSION = YES;
				CLANG_WARN_NON_LITERAL_NULL_CONVERSION = YES;
				CLANG_WARN_OBJC_IMPLICIT_RETAIN_SELF = YES;
				CLANG_WARN_OBJC_LITERAL_CONVERSION = YES;
				CLANG_WARN_OBJC_ROOT_CLASS = YES_ERROR;
				CLANG_WARN_QUOTED_INCLUDE_IN_FRAMEWORK_HEADER = YES;
				CLANG_WARN_RANGE_LOOP_ANALYSIS = YES;
				CLANG_WARN_STRICT_PROTOTYPES = YES;
				CLANG_WARN_SUSPICIOUS_MOVE = YES;
				CLANG_WARN_UNGUARDED_AVAILABILITY = YES_AGGRESSIVE;
				CLANG_WARN_UNREACHABLE_CODE = YES;
				CLANG_WARN__DUPLICATE_METHOD_MATCH = YES;
				COPY_PHASE_STRIP = NO;
				DEBUG_INFORMATION_FORMAT = dwarf;
				ENABLE_STRICT_OBJC_MSGSEND = YES;
				ENABLE_TESTABILITY = YES;
				ENABLE_USER_SCRIPT_SANDBOXING = YES;
				GCC_C_LANGUAGE_STANDARD = gnu17;
				GCC_NO_COMMON_BLOCKS = YES;
				GCC_OPTIMIZATION_LEVEL = 0;
				GCC_PREPROCESSOR_DEFINITIONS = (
					"DEBUG=1",
					"$(inherited)",
				);
				GCC_WARN_64_TO_32_BIT_CONVERSION = YES;
				GCC_WARN_ABOUT_RETURN_TYPE = YES_ERROR;
				GCC_WARN_UNDECLARED_SELECTOR = YES;
				GCC_WARN_UNINITIALIZED_AUTOS = YES_AGGRESSIVE;
				GCC_WARN_UNUSED_FUNCTION = YES;
				GCC_WARN_UNUSED_VARIABLE = YES;
				IPHONEOS_DEPLOYMENT_TARGET = 17.0;
				LOCALIZATION_PREFERS_STRING_CATALOGS = YES;
				MTL_ENABLE_DEBUG_INFO = INCLUDE_SOURCE;
				MTL_FAST_MATH = YES;
				ONLY_ACTIVE_ARCH = YES;
				SDKROOT = iphoneos;
				SWIFT_ACTIVE_COMPILATION_CONDITIONS = "DEBUG $(inherited)";
				SWIFT_OPTIMIZATION_LEVEL = "-Onone";
			};
			name = Debug;
		};
		A00000000000000000000701 /* Release */ = {
			isa = XCBuildConfiguration;
			buildSettings = {
				ALWAYS_SEARCH_USER_PATHS = NO;
				CLANG_ANALYZER_NONNULL = YES;
				CLANG_ANALYZER_NUMBER_OBJECT_CONVERSION = YES_AGGRESSIVE;
				CLANG_CXX_LANGUAGE_STANDARD = "gnu++20";
				CLANG_ENABLE_MODULES = YES;
				CLANG_ENABLE_OBJC_ARC = YES;
				CLANG_ENABLE_OBJC_WEAK = YES;
				CLANG_WARN_BOOL_CONVERSION = YES;
				CLANG_WARN_COMMA = YES;
				CLANG_WARN_CONSTANT_CONVERSION = YES;
				CLANG_WARN_DEPRECATED_OBJC_IMPLEMENTATIONS = YES;
				CLANG_WARN_DIRECT_OBJC_ISA_USAGE = YES_ERROR;
				CLANG_WARN_DOCUMENTATION_COMMENTS = YES;
				CLANG_WARN_EMPTY_BODY = YES;
				CLANG_WARN_ENUM_CONVERSION = YES;
				CLANG_WARN_INFINITE_RECURSION = YES;
				CLANG_WARN_INT_CONVERSION = YES;
				CLANG_WARN_NON_LITERAL_NULL_CONVERSION = YES;
				CLANG_WARN_OBJC_IMPLICIT_RETAIN_SELF = YES;
				CLANG_WARN_OBJC_LITERAL_CONVERSION = YES;
				CLANG_WARN_OBJC_ROOT_CLASS = YES_ERROR;
				CLANG_WARN_QUOTED_INCLUDE_IN_FRAMEWORK_HEADER = YES;
				CLANG_WARN_RANGE_LOOP_ANALYSIS = YES;
				CLANG_WARN_STRICT_PROTOTYPES = YES;
				CLANG_WARN_SUSPICIOUS_MOVE = YES;
				CLANG_WARN_UNGUARDED_AVAILABILITY = YES_AGGRESSIVE;
				CLANG_WARN_UNREACHABLE_CODE = YES;
				CLANG_WARN__DUPLICATE_METHOD_MATCH = YES;
				COPY_PHASE_STRIP = NO;
				DEBUG_INFORMATION_FORMAT = "dwarf-with-dsym";
				ENABLE_NS_ASSERTIONS = NO;
				ENABLE_STRICT_OBJC_MSGSEND = YES;
				ENABLE_USER_SCRIPT_SANDBOXING = YES;
				GCC_C_LANGUAGE_STANDARD = gnu17;
				GCC_NO_COMMON_BLOCKS = YES;
				GCC_WARN_64_TO_32_BIT_CONVERSION = YES;
				GCC_WARN_ABOUT_RETURN_TYPE = YES_ERROR;
				GCC_WARN_UNDECLARED_SELECTOR = YES;
				GCC_WARN_UNINITIALIZED_AUTOS = YES_AGGRESSIVE;
				GCC_WARN_UNUSED_FUNCTION = YES;
				GCC_WARN_UNUSED_VARIABLE = YES;
				IPHONEOS_DEPLOYMENT_TARGET = 17.0;
				LOCALIZATION_PREFERS_STRING_CATALOGS = YES;
				MTL_ENABLE_DEBUG_INFO = NO;
				MTL_FAST_MATH = YES;
				SDKROOT = iphoneos;
				SWIFT_COMPILATION_MODE = wholemodule;
				VALIDATE_PRODUCT = YES;
			};
			name = Release;
		};
		A00000000000000000000702 /* Debug */ = {
			isa = XCBuildConfiguration;
			buildSettings = {
				ASSETCATALOG_COMPILER_ACCENT_COLOR_NAME = AccentColor;
				ASSETCATALOG_COMPILER_APPICON_NAME = Muslim5Icon;
				CODE_SIGN_STYLE = Automatic;
				CODE_SIGN_ENTITLEMENTS = Muslim5/Muslim5.entitlements;
				CURRENT_PROJECT_VERSION = 11;
				DEVELOPMENT_TEAM = SYKPVZC9UP;
				DEVELOPMENT_ASSET_PATHS = "";
				ENABLE_PREVIEWS = YES;
				GENERATE_INFOPLIST_FILE = NO;
				INFOPLIST_FILE = Muslim5/Info.plist;
				INFOPLIST_KEY_CFBundleDisplayName = "Muslim 5";
				INFOPLIST_KEY_ITSAppUsesNonExemptEncryption = NO;
				INFOPLIST_KEY_LSApplicationCategoryType = "public.app-category.lifestyle";
				INFOPLIST_KEY_NSLocationWhenInUseUsageDescription = "Your location is used on this device to calculate local prayer times and the Qibla direction.";
				INFOPLIST_KEY_UIApplicationSceneManifest_Generation = YES;
				INFOPLIST_KEY_UIApplicationSupportsIndirectInputEvents = YES;
				INFOPLIST_KEY_UILaunchScreen_Generation = YES;
				INFOPLIST_KEY_UISupportedInterfaceOrientations = UIInterfaceOrientationPortrait;
				IPHONEOS_DEPLOYMENT_TARGET = 17.0;
				MARKETING_VERSION = 0.1.10;
				PRODUCT_BUNDLE_IDENTIFIER = com.muslim5.app;
				PRODUCT_NAME = "$(TARGET_NAME)";
				SALAH_API_BASE_URL = "https://muslim5.purbojati.workers.dev";
				SUPPORTED_PLATFORMS = "iphoneos iphonesimulator";
				SUPPORTS_MACCATALYST = NO;
				SWIFT_EMIT_LOC_STRINGS = YES;
				SWIFT_VERSION = 6.0;
				TARGETED_DEVICE_FAMILY = 1;
			};
			name = Debug;
		};
		A00000000000000000000703 /* Release */ = {
			isa = XCBuildConfiguration;
			buildSettings = {
				ASSETCATALOG_COMPILER_ACCENT_COLOR_NAME = AccentColor;
				ASSETCATALOG_COMPILER_APPICON_NAME = Muslim5Icon;
				CODE_SIGN_STYLE = Automatic;
				CODE_SIGN_ENTITLEMENTS = Muslim5/Muslim5.entitlements;
				CURRENT_PROJECT_VERSION = 11;
				DEVELOPMENT_TEAM = SYKPVZC9UP;
				DEVELOPMENT_ASSET_PATHS = "";
				ENABLE_PREVIEWS = YES;
				GENERATE_INFOPLIST_FILE = NO;
				INFOPLIST_FILE = Muslim5/Info.plist;
				INFOPLIST_KEY_CFBundleDisplayName = "Muslim 5";
				INFOPLIST_KEY_ITSAppUsesNonExemptEncryption = NO;
				INFOPLIST_KEY_LSApplicationCategoryType = "public.app-category.lifestyle";
				INFOPLIST_KEY_NSLocationWhenInUseUsageDescription = "Your location is used on this device to calculate local prayer times and the Qibla direction.";
				INFOPLIST_KEY_UIApplicationSceneManifest_Generation = YES;
				INFOPLIST_KEY_UIApplicationSupportsIndirectInputEvents = YES;
				INFOPLIST_KEY_UILaunchScreen_Generation = YES;
				INFOPLIST_KEY_UISupportedInterfaceOrientations = UIInterfaceOrientationPortrait;
				IPHONEOS_DEPLOYMENT_TARGET = 17.0;
				MARKETING_VERSION = 0.1.10;
				PRODUCT_BUNDLE_IDENTIFIER = com.muslim5.app;
				PRODUCT_NAME = "$(TARGET_NAME)";
				SALAH_API_BASE_URL = "https://muslim5.purbojati.workers.dev";
				SUPPORTED_PLATFORMS = "iphoneos iphonesimulator";
				SUPPORTS_MACCATALYST = NO;
				SWIFT_EMIT_LOC_STRINGS = YES;
				SWIFT_VERSION = 6.0;
				TARGETED_DEVICE_FAMILY = 1;
			};
			name = Release;
		};
		B0000000000000000000000B /* Debug */ = {
			isa = XCBuildConfiguration;
			buildSettings = {
				BUNDLE_LOADER = "$(TEST_HOST)";
				CODE_SIGN_STYLE = Automatic;
				CURRENT_PROJECT_VERSION = 1;
				DEVELOPMENT_TEAM = SYKPVZC9UP;
				GENERATE_INFOPLIST_FILE = YES;
				IPHONEOS_DEPLOYMENT_TARGET = 17.0;
				PRODUCT_BUNDLE_IDENTIFIER = com.muslim5.app.tests;
				PRODUCT_NAME = "$(TARGET_NAME)";
				SWIFT_EMIT_LOC_STRINGS = NO;
				SWIFT_VERSION = 6.0;
				TARGETED_DEVICE_FAMILY = 1;
				TEST_HOST = "$(BUILT_PRODUCTS_DIR)/Muslim 5.app/$(BUNDLE_EXECUTABLE_FOLDER_PATH)/Muslim 5";
			};
			name = Debug;
		};
		B0000000000000000000000C /* Release */ = {
			isa = XCBuildConfiguration;
			buildSettings = {
				BUNDLE_LOADER = "$(TEST_HOST)";
				CODE_SIGN_STYLE = Automatic;
				CURRENT_PROJECT_VERSION = 1;
				DEVELOPMENT_TEAM = SYKPVZC9UP;
				GENERATE_INFOPLIST_FILE = YES;
				IPHONEOS_DEPLOYMENT_TARGET = 17.0;
				PRODUCT_BUNDLE_IDENTIFIER = com.muslim5.app.tests;
				PRODUCT_NAME = "$(TARGET_NAME)";
				SWIFT_EMIT_LOC_STRINGS = NO;
				SWIFT_VERSION = 6.0;
				TARGETED_DEVICE_FAMILY = 1;
				TEST_HOST = "$(BUILT_PRODUCTS_DIR)/Muslim 5.app/$(BUNDLE_EXECUTABLE_FOLDER_PATH)/Muslim 5";
			};
			name = Release;
		};
		C00000000000000000000700 /* Debug */ = {
			isa = XCBuildConfiguration;
			buildSettings = {
				APPLICATION_EXTENSION_API_ONLY = YES;
				CODE_SIGN_ENTITLEMENTS = SalahFocusMonitor/SalahFocusMonitor.entitlements;
				CODE_SIGN_STYLE = Automatic;
				CURRENT_PROJECT_VERSION = 11;
				DEVELOPMENT_TEAM = SYKPVZC9UP;
				GENERATE_INFOPLIST_FILE = NO;
				INFOPLIST_FILE = SalahFocusMonitor/Info.plist;
				IPHONEOS_DEPLOYMENT_TARGET = 17.0;
				LD_RUNPATH_SEARCH_PATHS = "$(inherited) @executable_path/Frameworks @executable_path/../../Frameworks";
				MARKETING_VERSION = 0.1.10;
				PRODUCT_BUNDLE_IDENTIFIER = com.muslim5.app.SalahFocusMonitor;
				PRODUCT_NAME = "$(TARGET_NAME)";
				SKIP_INSTALL = YES;
				SUPPORTED_PLATFORMS = "iphoneos iphonesimulator";
				SWIFT_EMIT_LOC_STRINGS = YES;
				SWIFT_VERSION = 6.0;
				TARGETED_DEVICE_FAMILY = 1;
			};
			name = Debug;
		};
		C00000000000000000000701 /* Release */ = {
			isa = XCBuildConfiguration;
			buildSettings = {
				APPLICATION_EXTENSION_API_ONLY = YES;
				CODE_SIGN_ENTITLEMENTS = SalahFocusMonitor/SalahFocusMonitor.entitlements;
				CODE_SIGN_STYLE = Automatic;
				CURRENT_PROJECT_VERSION = 11;
				DEVELOPMENT_TEAM = SYKPVZC9UP;
				GENERATE_INFOPLIST_FILE = NO;
				INFOPLIST_FILE = SalahFocusMonitor/Info.plist;
				IPHONEOS_DEPLOYMENT_TARGET = 17.0;
				LD_RUNPATH_SEARCH_PATHS = "$(inherited) @executable_path/Frameworks @executable_path/../../Frameworks";
				MARKETING_VERSION = 0.1.10;
				PRODUCT_BUNDLE_IDENTIFIER = com.muslim5.app.SalahFocusMonitor;
				PRODUCT_NAME = "$(TARGET_NAME)";
				SKIP_INSTALL = YES;
				SUPPORTED_PLATFORMS = "iphoneos iphonesimulator";
				SWIFT_EMIT_LOC_STRINGS = YES;
				SWIFT_VERSION = 6.0;
				TARGETED_DEVICE_FAMILY = 1;
			};
			name = Release;
		};
		D00000000000000000000700 /* Debug */ = {
			isa = XCBuildConfiguration;
			buildSettings = {
				APPLICATION_EXTENSION_API_ONLY = YES;
				CODE_SIGN_ENTITLEMENTS = SalahFocusShieldConfiguration/SalahFocusShieldConfiguration.entitlements;
				CODE_SIGN_STYLE = Automatic;
				CURRENT_PROJECT_VERSION = 11;
				DEVELOPMENT_TEAM = SYKPVZC9UP;
				GENERATE_INFOPLIST_FILE = NO;
				INFOPLIST_FILE = SalahFocusShieldConfiguration/Info.plist;
				IPHONEOS_DEPLOYMENT_TARGET = 17.0;
				LD_RUNPATH_SEARCH_PATHS = "$(inherited) @executable_path/Frameworks @executable_path/../../Frameworks";
				MARKETING_VERSION = 0.1.10;
				PRODUCT_BUNDLE_IDENTIFIER = com.muslim5.app.SalahFocusShieldConfiguration;
				PRODUCT_NAME = "$(TARGET_NAME)";
				SKIP_INSTALL = YES;
				SUPPORTED_PLATFORMS = "iphoneos iphonesimulator";
				SWIFT_EMIT_LOC_STRINGS = YES;
				SWIFT_VERSION = 6.0;
				TARGETED_DEVICE_FAMILY = 1;
			};
			name = Debug;
		};
		D00000000000000000000701 /* Release */ = {
			isa = XCBuildConfiguration;
			buildSettings = {
				APPLICATION_EXTENSION_API_ONLY = YES;
				CODE_SIGN_ENTITLEMENTS = SalahFocusShieldConfiguration/SalahFocusShieldConfiguration.entitlements;
				CODE_SIGN_STYLE = Automatic;
				CURRENT_PROJECT_VERSION = 11;
				DEVELOPMENT_TEAM = SYKPVZC9UP;
				GENERATE_INFOPLIST_FILE = NO;
				INFOPLIST_FILE = SalahFocusShieldConfiguration/Info.plist;
				IPHONEOS_DEPLOYMENT_TARGET = 17.0;
				LD_RUNPATH_SEARCH_PATHS = "$(inherited) @executable_path/Frameworks @executable_path/../../Frameworks";
				MARKETING_VERSION = 0.1.10;
				PRODUCT_BUNDLE_IDENTIFIER = com.muslim5.app.SalahFocusShieldConfiguration;
				PRODUCT_NAME = "$(TARGET_NAME)";
				SKIP_INSTALL = YES;
				SUPPORTED_PLATFORMS = "iphoneos iphonesimulator";
				SWIFT_EMIT_LOC_STRINGS = YES;
				SWIFT_VERSION = 6.0;
				TARGETED_DEVICE_FAMILY = 1;
			};
			name = Release;
		};
		E00000000000000000000700 /* Debug */ = {
			isa = XCBuildConfiguration;
			buildSettings = {
				APPLICATION_EXTENSION_API_ONLY = YES;
				CODE_SIGN_ENTITLEMENTS = SalahFocusShieldAction/SalahFocusShieldAction.entitlements;
				CODE_SIGN_STYLE = Automatic;
				CURRENT_PROJECT_VERSION = 11;
				DEVELOPMENT_TEAM = SYKPVZC9UP;
				GENERATE_INFOPLIST_FILE = NO;
				INFOPLIST_FILE = SalahFocusShieldAction/Info.plist;
				IPHONEOS_DEPLOYMENT_TARGET = 17.0;
				LD_RUNPATH_SEARCH_PATHS = "$(inherited) @executable_path/Frameworks @executable_path/../../Frameworks";
				MARKETING_VERSION = 0.1.10;
				PRODUCT_BUNDLE_IDENTIFIER = com.muslim5.app.SalahFocusShieldAction;
				PRODUCT_NAME = "$(TARGET_NAME)";
				SKIP_INSTALL = YES;
				SUPPORTED_PLATFORMS = "iphoneos iphonesimulator";
				SWIFT_EMIT_LOC_STRINGS = YES;
				SWIFT_VERSION = 6.0;
				TARGETED_DEVICE_FAMILY = 1;
			};
			name = Debug;
		};
		E00000000000000000000701 /* Release */ = {
			isa = XCBuildConfiguration;
			buildSettings = {
				APPLICATION_EXTENSION_API_ONLY = YES;
				CODE_SIGN_ENTITLEMENTS = SalahFocusShieldAction/SalahFocusShieldAction.entitlements;
				CODE_SIGN_STYLE = Automatic;
				CURRENT_PROJECT_VERSION = 11;
				DEVELOPMENT_TEAM = SYKPVZC9UP;
				GENERATE_INFOPLIST_FILE = NO;
				INFOPLIST_FILE = SalahFocusShieldAction/Info.plist;
				IPHONEOS_DEPLOYMENT_TARGET = 17.0;
				LD_RUNPATH_SEARCH_PATHS = "$(inherited) @executable_path/Frameworks @executable_path/../../Frameworks";
				MARKETING_VERSION = 0.1.10;
				PRODUCT_BUNDLE_IDENTIFIER = com.muslim5.app.SalahFocusShieldAction;
				PRODUCT_NAME = "$(TARGET_NAME)";
				SKIP_INSTALL = YES;
				SUPPORTED_PLATFORMS = "iphoneos iphonesimulator";
				SWIFT_EMIT_LOC_STRINGS = YES;
				SWIFT_VERSION = 6.0;
				TARGETED_DEVICE_FAMILY = 1;
			};
			name = Release;
		};
/* End XCBuildConfiguration section */

/* Begin XCConfigurationList section */
		A00000000000000000000800 /* Build configuration list for PBXProject "Muslim5" */ = {
			isa = XCConfigurationList;
			buildConfigurations = (
				A00000000000000000000700 /* Debug */,
				A00000000000000000000701 /* Release */,
			);
			defaultConfigurationIsVisible = 0;
			defaultConfigurationName = Release;
		};
		A00000000000000000000801 /* Build configuration list for PBXNativeTarget "Muslim 5" */ = {
			isa = XCConfigurationList;
			buildConfigurations = (
				A00000000000000000000702 /* Debug */,
				A00000000000000000000703 /* Release */,
			);
			defaultConfigurationIsVisible = 0;
			defaultConfigurationName = Release;
		};
		B0000000000000000000000D /* Build configuration list for PBXNativeTarget "Muslim5Tests" */ = {
			isa = XCConfigurationList;
			buildConfigurations = (
				B0000000000000000000000B /* Debug */,
				B0000000000000000000000C /* Release */,
			);
			defaultConfigurationIsVisible = 0;
			defaultConfigurationName = Release;
		};
		C00000000000000000000800 /* Build configuration list for PBXNativeTarget "SalahFocusMonitor" */ = {
			isa = XCConfigurationList;
			buildConfigurations = (
				C00000000000000000000700 /* Debug */,
				C00000000000000000000701 /* Release */,
			);
			defaultConfigurationIsVisible = 0;
			defaultConfigurationName = Release;
		};
		D00000000000000000000800 /* Build configuration list for PBXNativeTarget "SalahFocusShieldConfiguration" */ = {
			isa = XCConfigurationList;
			buildConfigurations = (
				D00000000000000000000700 /* Debug */,
				D00000000000000000000701 /* Release */,
			);
			defaultConfigurationIsVisible = 0;
			defaultConfigurationName = Release;
		};
		E00000000000000000000800 /* Build configuration list for PBXNativeTarget "SalahFocusShieldAction" */ = {
			isa = XCConfigurationList;
			buildConfigurations = (
				E00000000000000000000700 /* Debug */,
				E00000000000000000000701 /* Release */,
			);
			defaultConfigurationIsVisible = 0;
			defaultConfigurationName = Release;
		};
/* End XCConfigurationList section */

/* Begin XCRemoteSwiftPackageReference section */
		A00000000000000000000900 /* XCRemoteSwiftPackageReference "adhan-swift" */ = {
			isa = XCRemoteSwiftPackageReference;
			repositoryURL = "https://github.com/batoulapps/adhan-swift.git";
			requirement = {
				kind = upToNextMajorVersion;
				minimumVersion = 1.4.0;
			};
		};
/* End XCRemoteSwiftPackageReference section */

/* Begin XCSwiftPackageProductDependency section */
		A00000000000000000000901 /* Adhan */ = {
			isa = XCSwiftPackageProductDependency;
			package = A00000000000000000000900 /* XCRemoteSwiftPackageReference "adhan-swift" */;
			productName = Adhan;
		};
/* End XCSwiftPackageProductDependency section */
	};
	rootObject = A00000000000000000000600 /* Project object */;
}
