// !$*UTF8*$!
{
	archiveVersion = 1;
	classes = {
	};
	objectVersion = 56;
	objects = {

/* Begin PBXBuildFile section */
		A00000000000000000000101 /* Muslim5App.swift in Sources */ = {isa = PBXBuildFile; fileRef = A00000000000000000000201 /* Muslim5App.swift */; };
		A00000000000000000000102 /* Prayer.swift in Sources */ = {isa = PBXBuildFile; fileRef = A00000000000000000000202 /* Prayer.swift */; };
		A00000000000000000000103 /* PrayerRecord.swift in Sources */ = {isa = PBXBuildFile; fileRef = A00000000000000000000203 /* PrayerRecord.swift */; };
		A00000000000000000000104 /* TrackingPause.swift in Sources */ = {isa = PBXBuildFile; fileRef = A00000000000000000000204 /* TrackingPause.swift */; };
		A00000000000000000000105 /* AppTheme.swift in Sources */ = {isa = PBXBuildFile; fileRef = A00000000000000000000205 /* AppTheme.swift */; };
		A00000000000000000000106 /* ProgressMetrics.swift in Sources */ = {isa = PBXBuildFile; fileRef = A00000000000000000000206 /* ProgressMetrics.swift */; };
		A00000000000000000000107 /* RootTabView.swift in Sources */ = {isa = PBXBuildFile; fileRef = A00000000000000000000207 /* RootTabView.swift */; };
		A00000000000000000000108 /* PrayerRow.swift in Sources */ = {isa = PBXBuildFile; fileRef = A00000000000000000000208 /* PrayerRow.swift */; };
		A00000000000000000000109 /* TodayView.swift in Sources */ = {isa = PBXBuildFile; fileRef = A00000000000000000000209 /* TodayView.swift */; };
		A0000000000000000000010A /* JourneyView.swift in Sources */ = {isa = PBXBuildFile; fileRef = A0000000000000000000020A /* JourneyView.swift */; };
		A0000000000000000000010B /* InsightsView.swift in Sources */ = {isa = PBXBuildFile; fileRef = A0000000000000000000020B /* InsightsView.swift */; };
		A0000000000000000000010C /* SettingsView.swift in Sources */ = {isa = PBXBuildFile; fileRef = A0000000000000000000020C /* SettingsView.swift */; };
		A0000000000000000000010D /* Assets.xcassets in Resources */ = {isa = PBXBuildFile; fileRef = A0000000000000000000020D /* Assets.xcassets */; };
		A0000000000000000000010E /* PrayerPhase.swift in Sources */ = {isa = PBXBuildFile; fileRef = A0000000000000000000020E /* PrayerPhase.swift */; };
		A0000000000000000000010F /* PrayerScheduleService.swift in Sources */ = {isa = PBXBuildFile; fileRef = A0000000000000000000020F /* PrayerScheduleService.swift */; };
		A00000000000000000000110 /* LocationProvider.swift in Sources */ = {isa = PBXBuildFile; fileRef = A00000000000000000000210 /* LocationProvider.swift */; };
		A00000000000000000000111 /* PrayerHeroView.swift in Sources */ = {isa = PBXBuildFile; fileRef = A00000000000000000000211 /* PrayerHeroView.swift */; };
		A00000000000000000000112 /* PrayerSkyBackground.swift in Sources */ = {isa = PBXBuildFile; fileRef = A00000000000000000000212 /* PrayerSkyBackground.swift */; };
		A00000000000000000000113 /* Adhan in Frameworks */ = {isa = PBXBuildFile; productRef = A00000000000000000000901 /* Adhan */; };
		A00000000000000000000114 /* Muslim5Icon.icon in Resources */ = {isa = PBXBuildFile; fileRef = A00000000000000000000213 /* Muslim5Icon.icon */; };
		A00000000000000000000115 /* HapticFeedback.swift in Sources */ = {isa = PBXBuildFile; fileRef = A00000000000000000000214 /* HapticFeedback.swift */; };
		A00000000000000000000116 /* PrayerNotificationService.swift in Sources */ = {isa = PBXBuildFile; fileRef = A00000000000000000000215 /* PrayerNotificationService.swift */; };
/* End PBXBuildFile section */

/* Begin PBXFileReference section */
		A00000000000000000000200 /* Muslim 5.app */ = {isa = PBXFileReference; explicitFileType = wrapper.application; includeInIndex = 0; path = "Muslim 5.app"; sourceTree = BUILT_PRODUCTS_DIR; };
		A00000000000000000000201 /* Muslim5App.swift */ = {isa = PBXFileReference; lastKnownFileType = sourcecode.swift; path = Muslim5App.swift; sourceTree = "<group>"; };
		A00000000000000000000202 /* Prayer.swift */ = {isa = PBXFileReference; lastKnownFileType = sourcecode.swift; path = Prayer.swift; sourceTree = "<group>"; };
		A00000000000000000000203 /* PrayerRecord.swift */ = {isa = PBXFileReference; lastKnownFileType = sourcecode.swift; path = PrayerRecord.swift; sourceTree = "<group>"; };
		A00000000000000000000204 /* TrackingPause.swift */ = {isa = PBXFileReference; lastKnownFileType = sourcecode.swift; path = TrackingPause.swift; sourceTree = "<group>"; };
		A00000000000000000000205 /* AppTheme.swift */ = {isa = PBXFileReference; lastKnownFileType = sourcecode.swift; path = AppTheme.swift; sourceTree = "<group>"; };
		A00000000000000000000206 /* ProgressMetrics.swift */ = {isa = PBXFileReference; lastKnownFileType = sourcecode.swift; path = ProgressMetrics.swift; sourceTree = "<group>"; };
		A00000000000000000000207 /* RootTabView.swift */ = {isa = PBXFileReference; lastKnownFileType = sourcecode.swift; path = RootTabView.swift; sourceTree = "<group>"; };
		A00000000000000000000208 /* PrayerRow.swift */ = {isa = PBXFileReference; lastKnownFileType = sourcecode.swift; path = PrayerRow.swift; sourceTree = "<group>"; };
		A00000000000000000000209 /* TodayView.swift */ = {isa = PBXFileReference; lastKnownFileType = sourcecode.swift; path = TodayView.swift; sourceTree = "<group>"; };
		A0000000000000000000020A /* JourneyView.swift */ = {isa = PBXFileReference; lastKnownFileType = sourcecode.swift; path = JourneyView.swift; sourceTree = "<group>"; };
		A0000000000000000000020B /* InsightsView.swift */ = {isa = PBXFileReference; lastKnownFileType = sourcecode.swift; path = InsightsView.swift; sourceTree = "<group>"; };
		A0000000000000000000020C /* SettingsView.swift */ = {isa = PBXFileReference; lastKnownFileType = sourcecode.swift; path = SettingsView.swift; sourceTree = "<group>"; };
		A0000000000000000000020D /* Assets.xcassets */ = {isa = PBXFileReference; lastKnownFileType = folder.assetcatalog; path = Assets.xcassets; sourceTree = "<group>"; };
		A0000000000000000000020E /* PrayerPhase.swift */ = {isa = PBXFileReference; lastKnownFileType = sourcecode.swift; path = PrayerPhase.swift; sourceTree = "<group>"; };
		A0000000000000000000020F /* PrayerScheduleService.swift */ = {isa = PBXFileReference; lastKnownFileType = sourcecode.swift; path = PrayerScheduleService.swift; sourceTree = "<group>"; };
		A00000000000000000000210 /* LocationProvider.swift */ = {isa = PBXFileReference; lastKnownFileType = sourcecode.swift; path = LocationProvider.swift; sourceTree = "<group>"; };
		A00000000000000000000211 /* PrayerHeroView.swift */ = {isa = PBXFileReference; lastKnownFileType = sourcecode.swift; path = PrayerHeroView.swift; sourceTree = "<group>"; };
		A00000000000000000000212 /* PrayerSkyBackground.swift */ = {isa = PBXFileReference; lastKnownFileType = sourcecode.swift; path = PrayerSkyBackground.swift; sourceTree = "<group>"; };
		A00000000000000000000213 /* Muslim5Icon.icon */ = {isa = PBXFileReference; lastKnownFileType = folder.iconcomposer.icon; path = Muslim5Icon.icon; sourceTree = "<group>"; };
		A00000000000000000000214 /* HapticFeedback.swift */ = {isa = PBXFileReference; lastKnownFileType = sourcecode.swift; path = HapticFeedback.swift; sourceTree = "<group>"; };
		A00000000000000000000215 /* PrayerNotificationService.swift */ = {isa = PBXFileReference; lastKnownFileType = sourcecode.swift; path = PrayerNotificationService.swift; sourceTree = "<group>"; };
/* End PBXFileReference section */

/* Begin PBXFrameworksBuildPhase section */
		A00000000000000000000301 /* Frameworks */ = {
			isa = PBXFrameworksBuildPhase;
			buildActionMask = 2147483647;
			files = (
				A00000000000000000000113 /* Adhan in Frameworks */,
			);
			runOnlyForDeploymentPostprocessing = 0;
		};
/* End PBXFrameworksBuildPhase section */

/* Begin PBXGroup section */
		A00000000000000000000400 = {
			isa = PBXGroup;
			children = (
				A00000000000000000000401 /* Muslim5 */,
				A00000000000000000000407 /* Products */,
			);
			sourceTree = "<group>";
		};
		A00000000000000000000401 /* Muslim5 */ = {
			isa = PBXGroup;
			children = (
				A00000000000000000000201 /* Muslim5App.swift */,
				A00000000000000000000402 /* Models */,
				A00000000000000000000403 /* Design */,
				A00000000000000000000404 /* Services */,
				A00000000000000000000405 /* Views */,
				A00000000000000000000213 /* Muslim5Icon.icon */,
				A0000000000000000000020D /* Assets.xcassets */,
			);
			path = Muslim5;
			sourceTree = "<group>";
		};
		A00000000000000000000402 /* Models */ = {
			isa = PBXGroup;
			children = (
				A00000000000000000000202 /* Prayer.swift */,
				A00000000000000000000203 /* PrayerRecord.swift */,
				A00000000000000000000204 /* TrackingPause.swift */,
				A0000000000000000000020E /* PrayerPhase.swift */,
			);
			path = Models;
			sourceTree = "<group>";
		};
		A00000000000000000000403 /* Design */ = {
			isa = PBXGroup;
			children = (
				A00000000000000000000205 /* AppTheme.swift */,
			);
			path = Design;
			sourceTree = "<group>";
		};
		A00000000000000000000404 /* Services */ = {
			isa = PBXGroup;
			children = (
				A00000000000000000000214 /* HapticFeedback.swift */,
				A00000000000000000000206 /* ProgressMetrics.swift */,
				A0000000000000000000020F /* PrayerScheduleService.swift */,
				A00000000000000000000215 /* PrayerNotificationService.swift */,
				A00000000000000000000210 /* LocationProvider.swift */,
			);
			path = Services;
			sourceTree = "<group>";
		};
		A00000000000000000000405 /* Views */ = {
			isa = PBXGroup;
			children = (
				A00000000000000000000207 /* RootTabView.swift */,
				A00000000000000000000209 /* TodayView.swift */,
				A0000000000000000000020A /* JourneyView.swift */,
				A0000000000000000000020B /* InsightsView.swift */,
				A0000000000000000000020C /* SettingsView.swift */,
				A00000000000000000000406 /* Components */,
			);
			path = Views;
			sourceTree = "<group>";
		};
		A00000000000000000000406 /* Components */ = {
			isa = PBXGroup;
			children = (
				A00000000000000000000208 /* PrayerRow.swift */,
				A00000000000000000000211 /* PrayerHeroView.swift */,
				A00000000000000000000212 /* PrayerSkyBackground.swift */,
			);
			path = Components;
			sourceTree = "<group>";
		};
		A00000000000000000000407 /* Products */ = {
			isa = PBXGroup;
			children = (
				A00000000000000000000200 /* Muslim 5.app */,
			);
			name = Products;
			sourceTree = "<group>";
		};
/* End PBXGroup section */

/* Begin PBXNativeTarget section */
		A00000000000000000000500 /* Muslim 5 */ = {
			isa = PBXNativeTarget;
			buildConfigurationList = A00000000000000000000801 /* Build configuration list for PBXNativeTarget "Muslim 5" */;
			buildPhases = (
				A00000000000000000000300 /* Sources */,
				A00000000000000000000301 /* Frameworks */,
				A00000000000000000000302 /* Resources */,
			);
			buildRules = (
			);
			dependencies = (
			);
			name = "Muslim 5";
			packageProductDependencies = (
				A00000000000000000000901 /* Adhan */,
			);
			productName = Muslim5;
			productReference = A00000000000000000000200 /* Muslim 5.app */;
			productType = "com.apple.product-type.application";
		};
/* End PBXNativeTarget section */

/* Begin PBXProject section */
		A00000000000000000000600 /* Project object */ = {
			isa = PBXProject;
			attributes = {
				BuildIndependentTargetsInParallel = 1;
				LastSwiftUpdateCheck = 2660;
				LastUpgradeCheck = 2660;
				TargetAttributes = {
					A00000000000000000000500 = {
						CreatedOnToolsVersion = 26.6;
					};
				};
			};
			buildConfigurationList = A00000000000000000000800 /* Build configuration list for PBXProject "Muslim5" */;
			compatibilityVersion = "Xcode 14.0";
			developmentRegion = en;
			hasScannedForEncodings = 0;
			knownRegions = (
				en,
				Base,
			);
			mainGroup = A00000000000000000000400;
			productRefGroup = A00000000000000000000407 /* Products */;
			packageReferences = (
				A00000000000000000000900 /* XCRemoteSwiftPackageReference "adhan-swift" */,
			);
			projectDirPath = "";
			projectRoot = "";
			targets = (
				A00000000000000000000500 /* Muslim 5 */,
			);
		};
/* End PBXProject section */

/* Begin PBXResourcesBuildPhase section */
		A00000000000000000000302 /* Resources */ = {
			isa = PBXResourcesBuildPhase;
			buildActionMask = 2147483647;
			files = (
				A00000000000000000000114 /* Muslim5Icon.icon in Resources */,
				A0000000000000000000010D /* Assets.xcassets in Resources */,
			);
			runOnlyForDeploymentPostprocessing = 0;
		};
/* End PBXResourcesBuildPhase section */

/* Begin PBXSourcesBuildPhase section */
		A00000000000000000000300 /* Sources */ = {
			isa = PBXSourcesBuildPhase;
			buildActionMask = 2147483647;
			files = (
				A00000000000000000000101 /* Muslim5App.swift in Sources */,
				A00000000000000000000102 /* Prayer.swift in Sources */,
				A00000000000000000000103 /* PrayerRecord.swift in Sources */,
				A00000000000000000000104 /* TrackingPause.swift in Sources */,
				A00000000000000000000105 /* AppTheme.swift in Sources */,
				A00000000000000000000106 /* ProgressMetrics.swift in Sources */,
				A00000000000000000000107 /* RootTabView.swift in Sources */,
				A00000000000000000000108 /* PrayerRow.swift in Sources */,
				A00000000000000000000109 /* TodayView.swift in Sources */,
				A0000000000000000000010A /* JourneyView.swift in Sources */,
				A0000000000000000000010B /* InsightsView.swift in Sources */,
				A0000000000000000000010C /* SettingsView.swift in Sources */,
				A0000000000000000000010E /* PrayerPhase.swift in Sources */,
				A0000000000000000000010F /* PrayerScheduleService.swift in Sources */,
				A00000000000000000000110 /* LocationProvider.swift in Sources */,
				A00000000000000000000111 /* PrayerHeroView.swift in Sources */,
				A00000000000000000000112 /* PrayerSkyBackground.swift in Sources */,
				A00000000000000000000115 /* HapticFeedback.swift in Sources */,
				A00000000000000000000116 /* PrayerNotificationService.swift in Sources */,
			);
			runOnlyForDeploymentPostprocessing = 0;
		};
/* End PBXSourcesBuildPhase section */

/* Begin XCBuildConfiguration section */
		A00000000000000000000700 /* Debug */ = {
			isa = XCBuildConfiguration;
			buildSettings = {
				ALWAYS_SEARCH_USER_PATHS = NO;
				CLANG_ANALYZER_NONNULL = YES;
				CLANG_ANALYZER_NUMBER_OBJECT_CONVERSION = YES_AGGRESSIVE;
				CLANG_CXX_LANGUAGE_STANDARD = "gnu++20";
				CLANG_ENABLE_MODULES = YES;
				CLANG_ENABLE_OBJC_ARC = YES;
				CLANG_ENABLE_OBJC_WEAK = YES;
				CLANG_WARN_BOOL_CONVERSION = YES;
				CLANG_WARN_COMMA = YES;
				CLANG_WARN_CONSTANT_CONVERSION = YES;
				CLANG_WARN_DEPRECATED_OBJC_IMPLEMENTATIONS = YES;
				CLANG_WARN_DIRECT_OBJC_ISA_USAGE = YES_ERROR;
				CLANG_WARN_DOCUMENTATION_COMMENTS = YES;
				CLANG_WARN_EMPTY_BODY = YES;
				CLANG_WARN_ENUM_CONVERSION = YES;
				CLANG_WARN_INFINITE_RECURSION = YES;
				CLANG_WARN_INT_CONVERSION = YES;
				CLANG_WARN_NON_LITERAL_NULL_CONVERSION = YES;
				CLANG_WARN_OBJC_IMPLICIT_RETAIN_SELF = YES;
				CLANG_WARN_OBJC_LITERAL_CONVERSION = YES;
				CLANG_WARN_OBJC_ROOT_CLASS = YES_ERROR;
				CLANG_WARN_QUOTED_INCLUDE_IN_FRAMEWORK_HEADER = YES;
				CLANG_WARN_RANGE_LOOP_ANALYSIS = YES;
				CLANG_WARN_STRICT_PROTOTYPES = YES;
				CLANG_WARN_SUSPICIOUS_MOVE = YES;
				CLANG_WARN_UNGUARDED_AVAILABILITY = YES_AGGRESSIVE;
				CLANG_WARN_UNREACHABLE_CODE = YES;
				CLANG_WARN__DUPLICATE_METHOD_MATCH = YES;
				COPY_PHASE_STRIP = NO;
				DEBUG_INFORMATION_FORMAT = dwarf;
				ENABLE_STRICT_OBJC_MSGSEND = YES;
				ENABLE_TESTABILITY = YES;
				ENABLE_USER_SCRIPT_SANDBOXING = YES;
				GCC_C_LANGUAGE_STANDARD = gnu17;
				GCC_NO_COMMON_BLOCKS = YES;
				GCC_OPTIMIZATION_LEVEL = 0;
				GCC_PREPROCESSOR_DEFINITIONS = (
					"DEBUG=1",
					"$(inherited)",
				);
				GCC_WARN_64_TO_32_BIT_CONVERSION = YES;
				GCC_WARN_ABOUT_RETURN_TYPE = YES_ERROR;
				GCC_WARN_UNDECLARED_SELECTOR = YES;
				GCC_WARN_UNINITIALIZED_AUTOS = YES_AGGRESSIVE;
				GCC_WARN_UNUSED_FUNCTION = YES;
				GCC_WARN_UNUSED_VARIABLE = YES;
				IPHONEOS_DEPLOYMENT_TARGET = 17.0;
				LOCALIZATION_PREFERS_STRING_CATALOGS = YES;
				MTL_ENABLE_DEBUG_INFO = INCLUDE_SOURCE;
				MTL_FAST_MATH = YES;
				ONLY_ACTIVE_ARCH = YES;
				SDKROOT = iphoneos;
				SWIFT_ACTIVE_COMPILATION_CONDITIONS = "DEBUG $(inherited)";
				SWIFT_OPTIMIZATION_LEVEL = "-Onone";
			};
			name = Debug;
		};
		A00000000000000000000701 /* Release */ = {
			isa = XCBuildConfiguration;
			buildSettings = {
				ALWAYS_SEARCH_USER_PATHS = NO;
				CLANG_ANALYZER_NONNULL = YES;
				CLANG_ANALYZER_NUMBER_OBJECT_CONVERSION = YES_AGGRESSIVE;
				CLANG_CXX_LANGUAGE_STANDARD = "gnu++20";
				CLANG_ENABLE_MODULES = YES;
				CLANG_ENABLE_OBJC_ARC = YES;
				CLANG_ENABLE_OBJC_WEAK = YES;
				CLANG_WARN_BOOL_CONVERSION = YES;
				CLANG_WARN_COMMA = YES;
				CLANG_WARN_CONSTANT_CONVERSION = YES;
				CLANG_WARN_DEPRECATED_OBJC_IMPLEMENTATIONS = YES;
				CLANG_WARN_DIRECT_OBJC_ISA_USAGE = YES_ERROR;
				CLANG_WARN_DOCUMENTATION_COMMENTS = YES;
				CLANG_WARN_EMPTY_BODY = YES;
				CLANG_WARN_ENUM_CONVERSION = YES;
				CLANG_WARN_INFINITE_RECURSION = YES;
				CLANG_WARN_INT_CONVERSION = YES;
				CLANG_WARN_NON_LITERAL_NULL_CONVERSION = YES;
				CLANG_WARN_OBJC_IMPLICIT_RETAIN_SELF = YES;
				CLANG_WARN_OBJC_LITERAL_CONVERSION = YES;
				CLANG_WARN_OBJC_ROOT_CLASS = YES_ERROR;
				CLANG_WARN_QUOTED_INCLUDE_IN_FRAMEWORK_HEADER = YES;
				CLANG_WARN_RANGE_LOOP_ANALYSIS = YES;
				CLANG_WARN_STRICT_PROTOTYPES = YES;
				CLANG_WARN_SUSPICIOUS_MOVE = YES;
				CLANG_WARN_UNGUARDED_AVAILABILITY = YES_AGGRESSIVE;
				CLANG_WARN_UNREACHABLE_CODE = YES;
				CLANG_WARN__DUPLICATE_METHOD_MATCH = YES;
				COPY_PHASE_STRIP = NO;
				DEBUG_INFORMATION_FORMAT = "dwarf-with-dsym";
				ENABLE_NS_ASSERTIONS = NO;
				ENABLE_STRICT_OBJC_MSGSEND = YES;
				ENABLE_USER_SCRIPT_SANDBOXING = YES;
				GCC_C_LANGUAGE_STANDARD = gnu17;
				GCC_NO_COMMON_BLOCKS = YES;
				GCC_WARN_64_TO_32_BIT_CONVERSION = YES;
				GCC_WARN_ABOUT_RETURN_TYPE = YES_ERROR;
				GCC_WARN_UNDECLARED_SELECTOR = YES;
				GCC_WARN_UNINITIALIZED_AUTOS = YES_AGGRESSIVE;
				GCC_WARN_UNUSED_FUNCTION = YES;
				GCC_WARN_UNUSED_VARIABLE = YES;
				IPHONEOS_DEPLOYMENT_TARGET = 17.0;
				LOCALIZATION_PREFERS_STRING_CATALOGS = YES;
				MTL_ENABLE_DEBUG_INFO = NO;
				MTL_FAST_MATH = YES;
				SDKROOT = iphoneos;
				SWIFT_COMPILATION_MODE = wholemodule;
				VALIDATE_PRODUCT = YES;
			};
			name = Release;
		};
		A00000000000000000000702 /* Debug */ = {
			isa = XCBuildConfiguration;
			buildSettings = {
				ASSETCATALOG_COMPILER_ACCENT_COLOR_NAME = AccentColor;
				ASSETCATALOG_COMPILER_APPICON_NAME = Muslim5Icon;
				CODE_SIGN_STYLE = Automatic;
				CURRENT_PROJECT_VERSION = 1;
				DEVELOPMENT_TEAM = SYKPVZC9UP;
				DEVELOPMENT_ASSET_PATHS = "";
				ENABLE_PREVIEWS = YES;
				GENERATE_INFOPLIST_FILE = YES;
				INFOPLIST_KEY_CFBundleDisplayName = "Muslim 5";
				INFOPLIST_KEY_ITSAppUsesNonExemptEncryption = NO;
				INFOPLIST_KEY_LSApplicationCategoryType = "public.app-category.lifestyle";
				INFOPLIST_KEY_NSLocationWhenInUseUsageDescription = "Your location is used on this device to calculate local prayer times.";
				INFOPLIST_KEY_UIApplicationSceneManifest_Generation = YES;
				INFOPLIST_KEY_UIApplicationSupportsIndirectInputEvents = YES;
				INFOPLIST_KEY_UILaunchScreen_Generation = YES;
				INFOPLIST_KEY_UISupportedInterfaceOrientations = UIInterfaceOrientationPortrait;
				IPHONEOS_DEPLOYMENT_TARGET = 17.0;
				MARKETING_VERSION = 0.1.0;
				PRODUCT_BUNDLE_IDENTIFIER = com.muslim5.app;
				PRODUCT_NAME = "$(TARGET_NAME)";
				SUPPORTED_PLATFORMS = "iphoneos iphonesimulator";
				SUPPORTS_MACCATALYST = NO;
				SWIFT_EMIT_LOC_STRINGS = YES;
				SWIFT_VERSION = 6.0;
				TARGETED_DEVICE_FAMILY = 1;
			};
			name = Debug;
		};
		A00000000000000000000703 /* Release */ = {
			isa = XCBuildConfiguration;
			buildSettings = {
				ASSETCATALOG_COMPILER_ACCENT_COLOR_NAME = AccentColor;
				ASSETCATALOG_COMPILER_APPICON_NAME = Muslim5Icon;
				CODE_SIGN_STYLE = Automatic;
				CURRENT_PROJECT_VERSION = 1;
				DEVELOPMENT_TEAM = SYKPVZC9UP;
				DEVELOPMENT_ASSET_PATHS = "";
				ENABLE_PREVIEWS = YES;
				GENERATE_INFOPLIST_FILE = YES;
				INFOPLIST_KEY_CFBundleDisplayName = "Muslim 5";
				INFOPLIST_KEY_ITSAppUsesNonExemptEncryption = NO;
				INFOPLIST_KEY_LSApplicationCategoryType = "public.app-category.lifestyle";
				INFOPLIST_KEY_NSLocationWhenInUseUsageDescription = "Your location is used on this device to calculate local prayer times.";
				INFOPLIST_KEY_UIApplicationSceneManifest_Generation = YES;
				INFOPLIST_KEY_UIApplicationSupportsIndirectInputEvents = YES;
				INFOPLIST_KEY_UILaunchScreen_Generation = YES;
				INFOPLIST_KEY_UISupportedInterfaceOrientations = UIInterfaceOrientationPortrait;
				IPHONEOS_DEPLOYMENT_TARGET = 17.0;
				MARKETING_VERSION = 0.1.0;
				PRODUCT_BUNDLE_IDENTIFIER = com.muslim5.app;
				PRODUCT_NAME = "$(TARGET_NAME)";
				SUPPORTED_PLATFORMS = "iphoneos iphonesimulator";
				SUPPORTS_MACCATALYST = NO;
				SWIFT_EMIT_LOC_STRINGS = YES;
				SWIFT_VERSION = 6.0;
				TARGETED_DEVICE_FAMILY = 1;
			};
			name = Release;
		};
/* End XCBuildConfiguration section */

/* Begin XCConfigurationList section */
		A00000000000000000000800 /* Build configuration list for PBXProject "Muslim5" */ = {
			isa = XCConfigurationList;
			buildConfigurations = (
				A00000000000000000000700 /* Debug */,
				A00000000000000000000701 /* Release */,
			);
			defaultConfigurationIsVisible = 0;
			defaultConfigurationName = Release;
		};
		A00000000000000000000801 /* Build configuration list for PBXNativeTarget "Muslim 5" */ = {
			isa = XCConfigurationList;
			buildConfigurations = (
				A00000000000000000000702 /* Debug */,
				A00000000000000000000703 /* Release */,
			);
			defaultConfigurationIsVisible = 0;
			defaultConfigurationName = Release;
		};
/* End XCConfigurationList section */

/* Begin XCRemoteSwiftPackageReference section */
		A00000000000000000000900 /* XCRemoteSwiftPackageReference "adhan-swift" */ = {
			isa = XCRemoteSwiftPackageReference;
			repositoryURL = "https://github.com/batoulapps/adhan-swift.git";
			requirement = {
				kind = upToNextMajorVersion;
				minimumVersion = 1.4.0;
			};
		};
/* End XCRemoteSwiftPackageReference section */

/* Begin XCSwiftPackageProductDependency section */
		A00000000000000000000901 /* Adhan */ = {
			isa = XCSwiftPackageProductDependency;
			package = A00000000000000000000900 /* XCRemoteSwiftPackageReference "adhan-swift" */;
			productName = Adhan;
		};
/* End XCSwiftPackageProductDependency section */
	};
	rootObject = A00000000000000000000600 /* Project object */;
}
